// !$*UTF8*$!
{
	archiveVersion = 1;
	classes = {
	};
	objectVersion = 46;
	objects = {

/* Begin PBXBuildFile section */
		2E0535531C46031B00ED41B7 /* RetrieveCoinsViewController.m in Sources */ = {isa = PBXBuildFile; fileRef = 2E0535521C46031B00ED41B7 /* RetrieveCoinsViewController.m */; settings = {ASSET_TAGS = (); }; };
		2E081CC31B25251900781BDE /* main.m in Sources */ = {isa = PBXBuildFile; fileRef = 2E081CC21B25251900781BDE /* main.m */; };
		2E081CC61B25251900781BDE /* StormAppDelegate.m in Sources */ = {isa = PBXBuildFile; fileRef = 2E081CC51B25251900781BDE /* StormAppDelegate.m */; };
		2E081CC91B25251900781BDE /* HomeScreenViewController.m in Sources */ = {isa = PBXBuildFile; fileRef = 2E081CC81B25251900781BDE /* HomeScreenViewController.m */; };
		2E081CCC1B25251900781BDE /* Main.storyboard in Resources */ = {isa = PBXBuildFile; fileRef = 2E081CCA1B25251900781BDE /* Main.storyboard */; };
		2E081CCE1B25251900781BDE /* Images.xcassets in Resources */ = {isa = PBXBuildFile; fileRef = 2E081CCD1B25251900781BDE /* Images.xcassets */; };
		2E081CD11B25251900781BDE /* LaunchScreen.xib in Resources */ = {isa = PBXBuildFile; fileRef = 2E081CCF1B25251900781BDE /* LaunchScreen.xib */; };
		2E081CDD1B25251900781BDE /* stormTests.m in Sources */ = {isa = PBXBuildFile; fileRef = 2E081CDC1B25251900781BDE /* stormTests.m */; };
		2E42C3D11B8C112B00EBEB73 /* SendCoinsViewController.m in Sources */ = {isa = PBXBuildFile; fileRef = 2E42C3D01B8C112B00EBEB73 /* SendCoinsViewController.m */; };
		2E5D4C9A1B49F5880001F90A /* CoreGraphics.framework in Frameworks */ = {isa = PBXBuildFile; fileRef = 2E5D4C991B49F5880001F90A /* CoreGraphics.framework */; };
		2E5D4C9C1B49F58F0001F90A /* UIKit.framework in Frameworks */ = {isa = PBXBuildFile; fileRef = 2E5D4C9B1B49F58F0001F90A /* UIKit.framework */; };
		2E5D4C9E1B49F5960001F90A /* Foundation.framework in Frameworks */ = {isa = PBXBuildFile; fileRef = 2E5D4C9D1B49F5960001F90A /* Foundation.framework */; };
		2E6DC07B1BC9C84900CEA07D /* FriendCell.m in Sources */ = {isa = PBXBuildFile; fileRef = 2E6DC07A1BC9C84900CEA07D /* FriendCell.m */; settings = {ASSET_TAGS = (); }; };
		2E6DC07D1BC9D55B00CEA07D /* FriendCell.xib in Resources */ = {isa = PBXBuildFile; fileRef = 2E6DC07C1BC9D55B00CEA07D /* FriendCell.xib */; settings = {ASSET_TAGS = (); }; };
		2E6DC0911BCB2CEC00CEA07D /* RNCryptor in Resources */ = {isa = PBXBuildFile; fileRef = 2E6DC0901BCB2CEC00CEA07D /* RNCryptor */; settings = {ASSET_TAGS = (); }; };
		2E6DC0D51BCB31CB00CEA07D /* RNCryptor-Prefix.pch in Sources */ = {isa = PBXBuildFile; fileRef = 2E6DC0CB1BCB31CB00CEA07D /* RNCryptor-Prefix.pch */; };
		2E6DC0D61BCB31CB00CEA07D /* RNCryptor.h in Sources */ = {isa = PBXBuildFile; fileRef = 2E6DC0CC1BCB31CB00CEA07D /* RNCryptor.h */; };
		2E6DC0D71BCB31CB00CEA07D /* RNCryptor.m in Sources */ = {isa = PBXBuildFile; fileRef = 2E6DC0CD1BCB31CB00CEA07D /* RNCryptor.m */; };
		2E6DC0D81BCB31CB00CEA07D /* RNCryptor+Private.h in Sources */ = {isa = PBXBuildFile; fileRef = 2E6DC0CE1BCB31CB00CEA07D /* RNCryptor+Private.h */; };
		2E6DC0D91BCB31CB00CEA07D /* RNCryptorEngine.h in Sources */ = {isa = PBXBuildFile; fileRef = 2E6DC0CF1BCB31CB00CEA07D /* RNCryptorEngine.h */; };
		2E6DC0DA1BCB31CB00CEA07D /* RNCryptorEngine.m in Sources */ = {isa = PBXBuildFile; fileRef = 2E6DC0D01BCB31CB00CEA07D /* RNCryptorEngine.m */; };
		2E6DC0DB1BCB31CB00CEA07D /* RNDecryptor.h in Sources */ = {isa = PBXBuildFile; fileRef = 2E6DC0D11BCB31CB00CEA07D /* RNDecryptor.h */; };
		2E6DC0DC1BCB31CB00CEA07D /* RNDecryptor.m in Sources */ = {isa = PBXBuildFile; fileRef = 2E6DC0D21BCB31CB00CEA07D /* RNDecryptor.m */; };
		2E6DC0DD1BCB31CB00CEA07D /* RNEncryptor.h in Sources */ = {isa = PBXBuildFile; fileRef = 2E6DC0D31BCB31CB00CEA07D /* RNEncryptor.h */; };
		2E6DC0DE1BCB31CC00CEA07D /* RNEncryptor.m in Sources */ = {isa = PBXBuildFile; fileRef = 2E6DC0D41BCB31CB00CEA07D /* RNEncryptor.m */; };
		2E99CFD51C17E6B9001C0923 /* Coin.m in Sources */ = {isa = PBXBuildFile; fileRef = 2E99CFD41C17E6B9001C0923 /* Coin.m */; settings = {ASSET_TAGS = (); }; };
		2E99CFD81C17E914001C0923 /* Storm.m in Sources */ = {isa = PBXBuildFile; fileRef = 2E99CFD71C17E914001C0923 /* Storm.m */; settings = {ASSET_TAGS = (); }; };
		2ED9AEF71B30F36B00345A07 /* Assets in Resources */ = {isa = PBXBuildFile; fileRef = 2ED9AEF51B2E6B7400345A07 /* Assets */; };
		2ED9AF071B3130DC00345A07 /* MakeItRainViewController.m in Sources */ = {isa = PBXBuildFile; fileRef = 2ED9AF061B3130DC00345A07 /* MakeItRainViewController.m */; };
		2EE015091B49CF29002B77FE /* LoginViewController.m in Sources */ = {isa = PBXBuildFile; fileRef = 2EE015081B49CF29002B77FE /* LoginViewController.m */; };
		2EE4F8341B81595F00A9AAB6 /* Security.framework in Frameworks */ = {isa = PBXBuildFile; fileRef = 2EE4F8331B81595F00A9AAB6 /* Security.framework */; };
		2EE4F8361B815AA100A9AAB6 /* KeychainItemWrapper.m in Sources */ = {isa = PBXBuildFile; fileRef = 2EE4F8351B815AA100A9AAB6 /* KeychainItemWrapper.m */; };
		2EE4F83B1B81736A00A9AAB6 /* Singleton.m in Sources */ = {isa = PBXBuildFile; fileRef = 2EE4F83A1B81736A00A9AAB6 /* Singleton.m */; };
		2EE838951B54C10700636CBA /* VenmoLoginURLProtocol.m in Sources */ = {isa = PBXBuildFile; fileRef = 2EE838941B54C10700636CBA /* VenmoLoginURLProtocol.m */; };
		2EF3C87F1C4F4A120092FE78 /* DBManager.m in Sources */ = {isa = PBXBuildFile; fileRef = 2EF3C87E1C4F4A120092FE78 /* DBManager.m */; settings = {ASSET_TAGS = (); }; };
		2EF412231BC3771F0030489C /* Utils.m in Sources */ = {isa = PBXBuildFile; fileRef = 2EF412221BC3771F0030489C /* Utils.m */; };
		2EF5529F1C61C1A00084687A /* GoogleService-Info.plist in Resources */ = {isa = PBXBuildFile; fileRef = 2EF5529E1C61C1A00084687A /* GoogleService-Info.plist */; settings = {ASSET_TAGS = (); }; };
		2EFB82621BC0C3CE00406131 /* Friend.m in Sources */ = {isa = PBXBuildFile; fileRef = 2EFB82611BC0C3CE00406131 /* Friend.m */; };
		A33866C4011439AF3D2A94D8 /* libPods-storm.a in Frameworks */ = {isa = PBXBuildFile; fileRef = F947CEE291AAC6D37DB1D33B /* libPods-storm.a */; };
		D26A5DCE929A26FF0616CE54 /* libPods-stormTests.a in Frameworks */ = {isa = PBXBuildFile; fileRef = 444737C961D6528E3433B8E9 /* libPods-stormTests.a */; };
/* End PBXBuildFile section */

/* Begin PBXContainerItemProxy section */
		2E081CD71B25251900781BDE /* PBXContainerItemProxy */ = {
			isa = PBXContainerItemProxy;
			containerPortal = 2E081CB51B25251900781BDE /* Project object */;
			proxyType = 1;
			remoteGlobalIDString = 2E081CBC1B25251900781BDE;
			remoteInfo = storm;
		};
/* End PBXContainerItemProxy section */

/* Begin PBXFileReference section */
		2E0535511C46031B00ED41B7 /* RetrieveCoinsViewController.h */ = {isa = PBXFileReference; fileEncoding = 4; lastKnownFileType = sourcecode.c.h; path = RetrieveCoinsViewController.h; sourceTree = "<group>"; };
		2E0535521C46031B00ED41B7 /* RetrieveCoinsViewController.m */ = {isa = PBXFileReference; fileEncoding = 4; lastKnownFileType = sourcecode.c.objc; path = RetrieveCoinsViewController.m; sourceTree = "<group>"; };
		2E081CBD1B25251900781BDE /* storm.app */ = {isa = PBXFileReference; explicitFileType = wrapper.application; includeInIndex = 0; path = storm.app; sourceTree = BUILT_PRODUCTS_DIR; };
		2E081CC11B25251900781BDE /* Info.plist */ = {isa = PBXFileReference; lastKnownFileType = text.plist.xml; path = Info.plist; sourceTree = "<group>"; };
		2E081CC21B25251900781BDE /* main.m */ = {isa = PBXFileReference; lastKnownFileType = sourcecode.c.objc; path = main.m; sourceTree = "<group>"; };
		2E081CC41B25251900781BDE /* StormAppDelegate.h */ = {isa = PBXFileReference; lastKnownFileType = sourcecode.c.h; path = StormAppDelegate.h; sourceTree = "<group>"; };
		2E081CC51B25251900781BDE /* StormAppDelegate.m */ = {isa = PBXFileReference; lastKnownFileType = sourcecode.c.objc; path = StormAppDelegate.m; sourceTree = "<group>"; };
		2E081CC71B25251900781BDE /* HomeScreenViewController.h */ = {isa = PBXFileReference; lastKnownFileType = sourcecode.c.h; path = HomeScreenViewController.h; sourceTree = "<group>"; };
		2E081CC81B25251900781BDE /* HomeScreenViewController.m */ = {isa = PBXFileReference; lastKnownFileType = sourcecode.c.objc; path = HomeScreenViewController.m; sourceTree = "<group>"; };
		2E081CCB1B25251900781BDE /* Base */ = {isa = PBXFileReference; lastKnownFileType = file.storyboard; name = Base; path = Base.lproj/Main.storyboard; sourceTree = "<group>"; };
		2E081CCD1B25251900781BDE /* Images.xcassets */ = {isa = PBXFileReference; lastKnownFileType = folder.assetcatalog; path = Images.xcassets; sourceTree = "<group>"; };
		2E081CD01B25251900781BDE /* Base */ = {isa = PBXFileReference; lastKnownFileType = file.xib; name = Base; path = Base.lproj/LaunchScreen.xib; sourceTree = "<group>"; };
		2E081CD61B25251900781BDE /* stormTests.xctest */ = {isa = PBXFileReference; explicitFileType = wrapper.cfbundle; includeInIndex = 0; path = stormTests.xctest; sourceTree = BUILT_PRODUCTS_DIR; };
		2E081CDB1B25251900781BDE /* Info.plist */ = {isa = PBXFileReference; lastKnownFileType = text.plist.xml; path = Info.plist; sourceTree = "<group>"; };
		2E081CDC1B25251900781BDE /* stormTests.m */ = {isa = PBXFileReference; lastKnownFileType = sourcecode.c.objc; path = stormTests.m; sourceTree = "<group>"; };
		2E42C3CF1B8C112B00EBEB73 /* SendCoinsViewController.h */ = {isa = PBXFileReference; fileEncoding = 4; lastKnownFileType = sourcecode.c.h; path = SendCoinsViewController.h; sourceTree = "<group>"; };
		2E42C3D01B8C112B00EBEB73 /* SendCoinsViewController.m */ = {isa = PBXFileReference; fileEncoding = 4; lastKnownFileType = sourcecode.c.objc; path = SendCoinsViewController.m; sourceTree = "<group>"; };
		2E5D4C991B49F5880001F90A /* CoreGraphics.framework */ = {isa = PBXFileReference; lastKnownFileType = wrapper.framework; name = CoreGraphics.framework; path = System/Library/Frameworks/CoreGraphics.framework; sourceTree = SDKROOT; };
		2E5D4C9B1B49F58F0001F90A /* UIKit.framework */ = {isa = PBXFileReference; lastKnownFileType = wrapper.framework; name = UIKit.framework; path = System/Library/Frameworks/UIKit.framework; sourceTree = SDKROOT; };
		2E5D4C9D1B49F5960001F90A /* Foundation.framework */ = {isa = PBXFileReference; lastKnownFileType = wrapper.framework; name = Foundation.framework; path = System/Library/Frameworks/Foundation.framework; sourceTree = SDKROOT; };
		2E6DC0791BC9C84900CEA07D /* FriendCell.h */ = {isa = PBXFileReference; fileEncoding = 4; lastKnownFileType = sourcecode.c.h; path = FriendCell.h; sourceTree = "<group>"; };
		2E6DC07A1BC9C84900CEA07D /* FriendCell.m */ = {isa = PBXFileReference; fileEncoding = 4; lastKnownFileType = sourcecode.c.objc; path = FriendCell.m; sourceTree = "<group>"; };
		2E6DC07C1BC9D55B00CEA07D /* FriendCell.xib */ = {isa = PBXFileReference; fileEncoding = 4; lastKnownFileType = file.xib; path = FriendCell.xib; sourceTree = "<group>"; };
		2E6DC0901BCB2CEC00CEA07D /* RNCryptor */ = {isa = PBXFileReference; lastKnownFileType = folder; name = RNCryptor; path = /Users/pajka/Documents/storm/storm/RNCryptor; sourceTree = "<absolute>"; };
		2E6DC0CB1BCB31CB00CEA07D /* RNCryptor-Prefix.pch */ = {isa = PBXFileReference; lastKnownFileType = sourcecode.c.h; name = "RNCryptor-Prefix.pch"; path = "RNCryptor/RNCryptor-Prefix.pch"; sourceTree = "<group>"; };
		2E6DC0CC1BCB31CB00CEA07D /* RNCryptor.h */ = {isa = PBXFileReference; lastKnownFileType = sourcecode.c.h; name = RNCryptor.h; path = RNCryptor/RNCryptor.h; sourceTree = "<group>"; };
		2E6DC0CD1BCB31CB00CEA07D /* RNCryptor.m */ = {isa = PBXFileReference; lastKnownFileType = sourcecode.c.objc; name = RNCryptor.m; path = RNCryptor/RNCryptor.m; sourceTree = "<group>"; };
		2E6DC0CE1BCB31CB00CEA07D /* RNCryptor+Private.h */ = {isa = PBXFileReference; lastKnownFileType = sourcecode.c.h; name = "RNCryptor+Private.h"; path = "RNCryptor/RNCryptor+Private.h"; sourceTree = "<group>"; };
		2E6DC0CF1BCB31CB00CEA07D /* RNCryptorEngine.h */ = {isa = PBXFileReference; lastKnownFileType = sourcecode.c.h; name = RNCryptorEngine.h; path = RNCryptor/RNCryptorEngine.h; sourceTree = "<group>"; };
		2E6DC0D01BCB31CB00CEA07D /* RNCryptorEngine.m */ = {isa = PBXFileReference; lastKnownFileType = sourcecode.c.objc; name = RNCryptorEngine.m; path = RNCryptor/RNCryptorEngine.m; sourceTree = "<group>"; };
		2E6DC0D11BCB31CB00CEA07D /* RNDecryptor.h */ = {isa = PBXFileReference; lastKnownFileType = sourcecode.c.h; name = RNDecryptor.h; path = RNCryptor/RNDecryptor.h; sourceTree = "<group>"; };
		2E6DC0D21BCB31CB00CEA07D /* RNDecryptor.m */ = {isa = PBXFileReference; lastKnownFileType = sourcecode.c.objc; name = RNDecryptor.m; path = RNCryptor/RNDecryptor.m; sourceTree = "<group>"; };
		2E6DC0D31BCB31CB00CEA07D /* RNEncryptor.h */ = {isa = PBXFileReference; lastKnownFileType = sourcecode.c.h; name = RNEncryptor.h; path = RNCryptor/RNEncryptor.h; sourceTree = "<group>"; };
		2E6DC0D41BCB31CB00CEA07D /* RNEncryptor.m */ = {isa = PBXFileReference; lastKnownFileType = sourcecode.c.objc; name = RNEncryptor.m; path = RNCryptor/RNEncryptor.m; sourceTree = "<group>"; };
		2E99CFD31C17E6B9001C0923 /* Coin.h */ = {isa = PBXFileReference; fileEncoding = 4; lastKnownFileType = sourcecode.c.h; path = Coin.h; sourceTree = "<group>"; };
		2E99CFD41C17E6B9001C0923 /* Coin.m */ = {isa = PBXFileReference; fileEncoding = 4; lastKnownFileType = sourcecode.c.objc; path = Coin.m; sourceTree = "<group>"; };
		2E99CFD61C17E914001C0923 /* Storm.h */ = {isa = PBXFileReference; fileEncoding = 4; lastKnownFileType = sourcecode.c.h; path = Storm.h; sourceTree = "<group>"; };
		2E99CFD71C17E914001C0923 /* Storm.m */ = {isa = PBXFileReference; fileEncoding = 4; lastKnownFileType = sourcecode.c.objc; path = Storm.m; sourceTree = "<group>"; };
		2ED9AEF51B2E6B7400345A07 /* Assets */ = {isa = PBXFileReference; lastKnownFileType = folder; name = Assets; path = storm/Assets; sourceTree = "<group>"; };
		2ED9AF051B3130DC00345A07 /* MakeItRainViewController.h */ = {isa = PBXFileReference; fileEncoding = 4; lastKnownFileType = sourcecode.c.h; path = MakeItRainViewController.h; sourceTree = "<group>"; };
		2ED9AF061B3130DC00345A07 /* MakeItRainViewController.m */ = {isa = PBXFileReference; fileEncoding = 4; lastKnownFileType = sourcecode.c.objc; path = MakeItRainViewController.m; sourceTree = "<group>"; };
		2EE015071B49CF29002B77FE /* LoginViewController.h */ = {isa = PBXFileReference; fileEncoding = 4; lastKnownFileType = sourcecode.c.h; path = LoginViewController.h; sourceTree = "<group>"; };
		2EE015081B49CF29002B77FE /* LoginViewController.m */ = {isa = PBXFileReference; fileEncoding = 4; lastKnownFileType = sourcecode.c.objc; path = LoginViewController.m; sourceTree = "<group>"; };
		2EE4F8331B81595F00A9AAB6 /* Security.framework */ = {isa = PBXFileReference; lastKnownFileType = wrapper.framework; name = Security.framework; path = System/Library/Frameworks/Security.framework; sourceTree = SDKROOT; };
		2EE4F8351B815AA100A9AAB6 /* KeychainItemWrapper.m */ = {isa = PBXFileReference; fileEncoding = 4; lastKnownFileType = sourcecode.c.objc; path = KeychainItemWrapper.m; sourceTree = "<group>"; };
		2EE4F8371B815B2600A9AAB6 /* KeychainItemWrapper.h */ = {isa = PBXFileReference; lastKnownFileType = sourcecode.c.h; path = KeychainItemWrapper.h; sourceTree = "<group>"; };
		2EE4F8391B81736A00A9AAB6 /* Singleton.h */ = {isa = PBXFileReference; fileEncoding = 4; lastKnownFileType = sourcecode.c.h; path = Singleton.h; sourceTree = "<group>"; };
		2EE4F83A1B81736A00A9AAB6 /* Singleton.m */ = {isa = PBXFileReference; fileEncoding = 4; lastKnownFileType = sourcecode.c.objc; path = Singleton.m; sourceTree = "<group>"; };
		2EE838931B54C10700636CBA /* VenmoLoginURLProtocol.h */ = {isa = PBXFileReference; fileEncoding = 4; lastKnownFileType = sourcecode.c.h; path = VenmoLoginURLProtocol.h; sourceTree = "<group>"; };
		2EE838941B54C10700636CBA /* VenmoLoginURLProtocol.m */ = {isa = PBXFileReference; fileEncoding = 4; lastKnownFileType = sourcecode.c.objc; path = VenmoLoginURLProtocol.m; sourceTree = "<group>"; };
		2EF3C87D1C4F4A120092FE78 /* DBManager.h */ = {isa = PBXFileReference; fileEncoding = 4; lastKnownFileType = sourcecode.c.h; path = DBManager.h; sourceTree = "<group>"; };
		2EF3C87E1C4F4A120092FE78 /* DBManager.m */ = {isa = PBXFileReference; fileEncoding = 4; lastKnownFileType = sourcecode.c.objc; path = DBManager.m; sourceTree = "<group>"; };
		2EF412211BC3771F0030489C /* Utils.h */ = {isa = PBXFileReference; fileEncoding = 4; lastKnownFileType = sourcecode.c.h; path = Utils.h; sourceTree = "<group>"; };
		2EF412221BC3771F0030489C /* Utils.m */ = {isa = PBXFileReference; fileEncoding = 4; lastKnownFileType = sourcecode.c.objc; path = Utils.m; sourceTree = "<group>"; };
		2EF5529E1C61C1A00084687A /* GoogleService-Info.plist */ = {isa = PBXFileReference; fileEncoding = 4; lastKnownFileType = text.plist.xml; path = "GoogleService-Info.plist"; sourceTree = "<group>"; };
		2EFB82601BC0C3CE00406131 /* Friend.h */ = {isa = PBXFileReference; fileEncoding = 4; lastKnownFileType = sourcecode.c.h; path = Friend.h; sourceTree = "<group>"; };
		2EFB82611BC0C3CE00406131 /* Friend.m */ = {isa = PBXFileReference; fileEncoding = 4; lastKnownFileType = sourcecode.c.objc; path = Friend.m; sourceTree = "<group>"; };
		444737C961D6528E3433B8E9 /* libPods-stormTests.a */ = {isa = PBXFileReference; explicitFileType = archive.ar; includeInIndex = 0; path = "libPods-stormTests.a"; sourceTree = BUILT_PRODUCTS_DIR; };
		47801CEDA45BE010D25635B7 /* Pods-storm.release.xcconfig */ = {isa = PBXFileReference; includeInIndex = 1; lastKnownFileType = text.xcconfig; name = "Pods-storm.release.xcconfig"; path = "Pods/Target Support Files/Pods-storm/Pods-storm.release.xcconfig"; sourceTree = "<group>"; };
		5063D194EB2D956001FDDA02 /* Pods-stormTests.release.xcconfig */ = {isa = PBXFileReference; includeInIndex = 1; lastKnownFileType = text.xcconfig; name = "Pods-stormTests.release.xcconfig"; path = "Pods/Target Support Files/Pods-stormTests/Pods-stormTests.release.xcconfig"; sourceTree = "<group>"; };
		BAD3E392D0CA1808B08F7F09 /* Pods-stormTests.debug.xcconfig */ = {isa = PBXFileReference; includeInIndex = 1; lastKnownFileType = text.xcconfig; name = "Pods-stormTests.debug.xcconfig"; path = "Pods/Target Support Files/Pods-stormTests/Pods-stormTests.debug.xcconfig"; sourceTree = "<group>"; };
		D157CA7D91F0B45D2B36718A /* Pods-storm.debug.xcconfig */ = {isa = PBXFileReference; includeInIndex = 1; lastKnownFileType = text.xcconfig; name = "Pods-storm.debug.xcconfig"; path = "Pods/Target Support Files/Pods-storm/Pods-storm.debug.xcconfig"; sourceTree = "<group>"; };
		F947CEE291AAC6D37DB1D33B /* libPods-storm.a */ = {isa = PBXFileReference; explicitFileType = archive.ar; includeInIndex = 0; path = "libPods-storm.a"; sourceTree = BUILT_PRODUCTS_DIR; };
/* End PBXFileReference section */

/* Begin PBXFrameworksBuildPhase section */
		2E081CBA1B25251900781BDE /* Frameworks */ = {
			isa = PBXFrameworksBuildPhase;
			buildActionMask = 2147483647;
			files = (
				2EE4F8341B81595F00A9AAB6 /* Security.framework in Frameworks */,
				2E5D4C9E1B49F5960001F90A /* Foundation.framework in Frameworks */,
				2E5D4C9C1B49F58F0001F90A /* UIKit.framework in Frameworks */,
				2E5D4C9A1B49F5880001F90A /* CoreGraphics.framework in Frameworks */,
				A33866C4011439AF3D2A94D8 /* libPods-storm.a in Frameworks */,
			);
			runOnlyForDeploymentPostprocessing = 0;
		};
		2E081CD31B25251900781BDE /* Frameworks */ = {
			isa = PBXFrameworksBuildPhase;
			buildActionMask = 2147483647;
			files = (
				D26A5DCE929A26FF0616CE54 /* libPods-stormTests.a in Frameworks */,
			);
			runOnlyForDeploymentPostprocessing = 0;
		};
/* End PBXFrameworksBuildPhase section */

/* Begin PBXGroup section */
		2E05354D1C46029700ED41B7 /* RecieveCoins */ = {
			isa = PBXGroup;
			children = (
				2E0535511C46031B00ED41B7 /* RetrieveCoinsViewController.h */,
				2E0535521C46031B00ED41B7 /* RetrieveCoinsViewController.m */,
			);
			name = RecieveCoins;
			sourceTree = "<group>";
		};
		2E081CB41B25251900781BDE = {
			isa = PBXGroup;
			children = (
				2ED9AEF51B2E6B7400345A07 /* Assets */,
				2E081CBF1B25251900781BDE /* storm */,
				2E081CD91B25251900781BDE /* stormTests */,
				2E081CBE1B25251900781BDE /* Products */,
				4B5D3866D06DB7674628E084 /* Pods */,
				F6350C28A5BE93CC6A4EAC50 /* Frameworks */,
			);
			sourceTree = "<group>";
		};
		2E081CBE1B25251900781BDE /* Products */ = {
			isa = PBXGroup;
			children = (
				2E081CBD1B25251900781BDE /* storm.app */,
				2E081CD61B25251900781BDE /* stormTests.xctest */,
			);
			name = Products;
			sourceTree = "<group>";
		};
		2E081CBF1B25251900781BDE /* storm */ = {
			isa = PBXGroup;
			children = (
				2E6DC0811BCB29BC00CEA07D /* Encryption */,
				2E6DC0781BC9C69C00CEA07D /* FriendPicker */,
				2EFB825F1BC0C3B000406131 /* Models */,
				2EE4F8381B81733D00A9AAB6 /* App */,
				2EE015041B49CEBE002B77FE /* Login */,
				2ED9AEF81B312A0100345A07 /* SendCoins */,
				2E05354D1C46029700ED41B7 /* RecieveCoins */,
				2EF3C87C1C4F49750092FE78 /* Server */,
				2E081CC81B25251900781BDE /* HomeScreenViewController.m */,
				2E081CC71B25251900781BDE /* HomeScreenViewController.h */,
				2E081CCA1B25251900781BDE /* Main.storyboard */,
				2E081CCD1B25251900781BDE /* Images.xcassets */,
				2E081CCF1B25251900781BDE /* LaunchScreen.xib */,
				2E081CC01B25251900781BDE /* Supporting Files */,
			);
			path = storm;
			sourceTree = "<group>";
		};
		2E081CC01B25251900781BDE /* Supporting Files */ = {
			isa = PBXGroup;
			children = (
				2EF5529E1C61C1A00084687A /* GoogleService-Info.plist */,
				2E081CC11B25251900781BDE /* Info.plist */,
				2E081CC21B25251900781BDE /* main.m */,
			);
			name = "Supporting Files";
			sourceTree = "<group>";
		};
		2E081CD91B25251900781BDE /* stormTests */ = {
			isa = PBXGroup;
			children = (
				2E081CDC1B25251900781BDE /* stormTests.m */,
				2E081CDA1B25251900781BDE /* Supporting Files */,
			);
			path = stormTests;
			sourceTree = "<group>";
		};
		2E081CDA1B25251900781BDE /* Supporting Files */ = {
			isa = PBXGroup;
			children = (
				2E081CDB1B25251900781BDE /* Info.plist */,
			);
			name = "Supporting Files";
			sourceTree = "<group>";
		};
		2E6DC0781BC9C69C00CEA07D /* FriendPicker */ = {
			isa = PBXGroup;
			children = (
				2E6DC0791BC9C84900CEA07D /* FriendCell.h */,
				2E6DC07A1BC9C84900CEA07D /* FriendCell.m */,
				2E6DC07C1BC9D55B00CEA07D /* FriendCell.xib */,
			);
			name = FriendPicker;
			sourceTree = "<group>";
		};
		2E6DC0811BCB29BC00CEA07D /* Encryption */ = {
			isa = PBXGroup;
			children = (
				2E6DC0CB1BCB31CB00CEA07D /* RNCryptor-Prefix.pch */,
				2E6DC0CC1BCB31CB00CEA07D /* RNCryptor.h */,
				2E6DC0CD1BCB31CB00CEA07D /* RNCryptor.m */,
				2E6DC0CE1BCB31CB00CEA07D /* RNCryptor+Private.h */,
				2E6DC0CF1BCB31CB00CEA07D /* RNCryptorEngine.h */,
				2E6DC0D01BCB31CB00CEA07D /* RNCryptorEngine.m */,
				2E6DC0D11BCB31CB00CEA07D /* RNDecryptor.h */,
				2E6DC0D21BCB31CB00CEA07D /* RNDecryptor.m */,
				2E6DC0D31BCB31CB00CEA07D /* RNEncryptor.h */,
				2E6DC0D41BCB31CB00CEA07D /* RNEncryptor.m */,
			);
			name = Encryption;
			sourceTree = "<group>";
		};
		2ED9AEF81B312A0100345A07 /* SendCoins */ = {
			isa = PBXGroup;
			children = (
				2ED9AF051B3130DC00345A07 /* MakeItRainViewController.h */,
				2ED9AF061B3130DC00345A07 /* MakeItRainViewController.m */,
				2E42C3CF1B8C112B00EBEB73 /* SendCoinsViewController.h */,
				2E42C3D01B8C112B00EBEB73 /* SendCoinsViewController.m */,
			);
			name = SendCoins;
			sourceTree = "<group>";
		};
		2EE015041B49CEBE002B77FE /* Login */ = {
			isa = PBXGroup;
			children = (
				2EE015071B49CF29002B77FE /* LoginViewController.h */,
				2EE015081B49CF29002B77FE /* LoginViewController.m */,
				2EE838931B54C10700636CBA /* VenmoLoginURLProtocol.h */,
				2EE838941B54C10700636CBA /* VenmoLoginURLProtocol.m */,
				2EE4F8371B815B2600A9AAB6 /* KeychainItemWrapper.h */,
				2EE4F8351B815AA100A9AAB6 /* KeychainItemWrapper.m */,
			);
			name = Login;
			sourceTree = "<group>";
		};
		2EE4F8381B81733D00A9AAB6 /* App */ = {
			isa = PBXGroup;
			children = (
				2E081CC41B25251900781BDE /* StormAppDelegate.h */,
				2E081CC51B25251900781BDE /* StormAppDelegate.m */,
				2EE4F8391B81736A00A9AAB6 /* Singleton.h */,
				2EE4F83A1B81736A00A9AAB6 /* Singleton.m */,
				2EF412211BC3771F0030489C /* Utils.h */,
				2EF412221BC3771F0030489C /* Utils.m */,
			);
			name = App;
			sourceTree = "<group>";
		};
		2EF3C87C1C4F49750092FE78 /* Server */ = {
			isa = PBXGroup;
			children = (
				2EF3C87D1C4F4A120092FE78 /* DBManager.h */,
				2EF3C87E1C4F4A120092FE78 /* DBManager.m */,
			);
			name = Server;
			sourceTree = "<group>";
		};
		2EFB825F1BC0C3B000406131 /* Models */ = {
			isa = PBXGroup;
			children = (
				2EFB82601BC0C3CE00406131 /* Friend.h */,
				2EFB82611BC0C3CE00406131 /* Friend.m */,
				2E99CFD31C17E6B9001C0923 /* Coin.h */,
				2E99CFD41C17E6B9001C0923 /* Coin.m */,
				2E99CFD61C17E914001C0923 /* Storm.h */,
				2E99CFD71C17E914001C0923 /* Storm.m */,
			);
			name = Models;
			sourceTree = "<group>";
		};
		4B5D3866D06DB7674628E084 /* Pods */ = {
			isa = PBXGroup;
			children = (
				D157CA7D91F0B45D2B36718A /* Pods-storm.debug.xcconfig */,
				47801CEDA45BE010D25635B7 /* Pods-storm.release.xcconfig */,
				BAD3E392D0CA1808B08F7F09 /* Pods-stormTests.debug.xcconfig */,
				5063D194EB2D956001FDDA02 /* Pods-stormTests.release.xcconfig */,
			);
			name = Pods;
			sourceTree = "<group>";
		};
		F6350C28A5BE93CC6A4EAC50 /* Frameworks */ = {
			isa = PBXGroup;
			children = (
				2EE4F8331B81595F00A9AAB6 /* Security.framework */,
				2E5D4C9D1B49F5960001F90A /* Foundation.framework */,
				2E5D4C9B1B49F58F0001F90A /* UIKit.framework */,
				2E5D4C991B49F5880001F90A /* CoreGraphics.framework */,
				F947CEE291AAC6D37DB1D33B /* libPods-storm.a */,
				444737C961D6528E3433B8E9 /* libPods-stormTests.a */,
			);
			name = Frameworks;
			sourceTree = "<group>";
		};
/* End PBXGroup section */

/* Begin PBXNativeTarget section */
		2E081CBC1B25251900781BDE /* storm */ = {
			isa = PBXNativeTarget;
			buildConfigurationList = 2E081CE01B25251900781BDE /* Build configuration list for PBXNativeTarget "storm" */;
			buildPhases = (
				9BAA18C25EA457AAE75668EA /* Check Pods Manifest.lock */,
				2E081CB91B25251900781BDE /* Sources */,
				2E081CBA1B25251900781BDE /* Frameworks */,
				2E081CBB1B25251900781BDE /* Resources */,
				0ACC990766A38A574C9D1DC4 /* Embed Pods Frameworks */,
				70D47DACEE40260902CBC4C6 /* Copy Pods Resources */,
			);
			buildRules = (
			);
			dependencies = (
			);
			name = storm;
			productName = storm;
			productReference = 2E081CBD1B25251900781BDE /* storm.app */;
			productType = "com.apple.product-type.application";
		};
		2E081CD51B25251900781BDE /* stormTests */ = {
			isa = PBXNativeTarget;
			buildConfigurationList = 2E081CE31B25251900781BDE /* Build configuration list for PBXNativeTarget "stormTests" */;
			buildPhases = (
				C5DFB63CEF735274A056FCE7 /* Check Pods Manifest.lock */,
				2E081CD21B25251900781BDE /* Sources */,
				2E081CD31B25251900781BDE /* Frameworks */,
				2E081CD41B25251900781BDE /* Resources */,
				D2E0DAF7244B8CBBBFF9037D /* Embed Pods Frameworks */,
				68BDCE12024CF537ED52C14D /* Copy Pods Resources */,
			);
			buildRules = (
			);
			dependencies = (
				2E081CD81B25251900781BDE /* PBXTargetDependency */,
			);
			name = stormTests;
			productName = stormTests;
			productReference = 2E081CD61B25251900781BDE /* stormTests.xctest */;
			productType = "com.apple.product-type.bundle.unit-test";
		};
/* End PBXNativeTarget section */

/* Begin PBXProject section */
		2E081CB51B25251900781BDE /* Project object */ = {
			isa = PBXProject;
			attributes = {
				LastUpgradeCheck = 0630;
				ORGANIZATIONNAME = Swerve;
				TargetAttributes = {
					2E081CBC1B25251900781BDE = {
						CreatedOnToolsVersion = 6.3.2;
						DevelopmentTeam = 6VHRHX2BN3;
					};
					2E081CD51B25251900781BDE = {
						CreatedOnToolsVersion = 6.3.2;
						TestTargetID = 2E081CBC1B25251900781BDE;
					};
				};
			};
			buildConfigurationList = 2E081CB81B25251900781BDE /* Build configuration list for PBXProject "storm" */;
			compatibilityVersion = "Xcode 3.2";
			developmentRegion = English;
			hasScannedForEncodings = 0;
			knownRegions = (
				en,
				Base,
			);
			mainGroup = 2E081CB41B25251900781BDE;
			productRefGroup = 2E081CBE1B25251900781BDE /* Products */;
			projectDirPath = "";
			projectRoot = "";
			targets = (
				2E081CBC1B25251900781BDE /* storm */,
				2E081CD51B25251900781BDE /* stormTests */,
			);
		};
/* End PBXProject section */

/* Begin PBXResourcesBuildPhase section */
		2E081CBB1B25251900781BDE /* Resources */ = {
			isa = PBXResourcesBuildPhase;
			buildActionMask = 2147483647;
			files = (
				2E6DC07D1BC9D55B00CEA07D /* FriendCell.xib in Resources */,
				2ED9AEF71B30F36B00345A07 /* Assets in Resources */,
				2E6DC0911BCB2CEC00CEA07D /* RNCryptor in Resources */,
				2E081CCC1B25251900781BDE /* Main.storyboard in Resources */,
				2E081CD11B25251900781BDE /* LaunchScreen.xib in Resources */,
				2E081CCE1B25251900781BDE /* Images.xcassets in Resources */,
				2EF5529F1C61C1A00084687A /* GoogleService-Info.plist in Resources */,
			);
			runOnlyForDeploymentPostprocessing = 0;
		};
		2E081CD41B25251900781BDE /* Resources */ = {
			isa = PBXResourcesBuildPhase;
			buildActionMask = 2147483647;
			files = (
			);
			runOnlyForDeploymentPostprocessing = 0;
		};
/* End PBXResourcesBuildPhase section */

/* Begin PBXShellScriptBuildPhase section */
		0ACC990766A38A574C9D1DC4 /* Embed Pods Frameworks */ = {
			isa = PBXShellScriptBuildPhase;
			buildActionMask = 2147483647;
			files = (
			);
			inputPaths = (
			);
			name = "Embed Pods Frameworks";
			outputPaths = (
			);
			runOnlyForDeploymentPostprocessing = 0;
			shellPath = /bin/sh;
			shellScript = "\"${SRCROOT}/Pods/Target Support Files/Pods-storm/Pods-storm-frameworks.sh\"\n";
			showEnvVarsInLog = 0;
		};
		68BDCE12024CF537ED52C14D /* Copy Pods Resources */ = {
			isa = PBXShellScriptBuildPhase;
			buildActionMask = 2147483647;
			files = (
			);
			inputPaths = (
			);
			name = "Copy Pods Resources";
			outputPaths = (
			);
			runOnlyForDeploymentPostprocessing = 0;
			shellPath = /bin/sh;
			shellScript = "\"${SRCROOT}/Pods/Target Support Files/Pods-stormTests/Pods-stormTests-resources.sh\"\n";
			showEnvVarsInLog = 0;
		};
		70D47DACEE40260902CBC4C6 /* Copy Pods Resources */ = {
			isa = PBXShellScriptBuildPhase;
			buildActionMask = 2147483647;
			files = (
			);
			inputPaths = (
			);
			name = "Copy Pods Resources";
			outputPaths = (
			);
			runOnlyForDeploymentPostprocessing = 0;
			shellPath = /bin/sh;
			shellScript = "\"${SRCROOT}/Pods/Target Support Files/Pods-storm/Pods-storm-resources.sh\"\n";
			showEnvVarsInLog = 0;
		};
		9BAA18C25EA457AAE75668EA /* Check Pods Manifest.lock */ = {
			isa = PBXShellScriptBuildPhase;
			buildActionMask = 2147483647;
			files = (
			);
			inputPaths = (
			);
			name = "Check Pods Manifest.lock";
			outputPaths = (
			);
			runOnlyForDeploymentPostprocessing = 0;
			shellPath = /bin/sh;
			shellScript = "diff \"${PODS_ROOT}/../Podfile.lock\" \"${PODS_ROOT}/Manifest.lock\" > /dev/null\nif [[ $? != 0 ]] ; then\n    cat << EOM\nerror: The sandbox is not in sync with the Podfile.lock. Run 'pod install' or update your CocoaPods installation.\nEOM\n    exit 1\nfi\n";
			showEnvVarsInLog = 0;
		};
		C5DFB63CEF735274A056FCE7 /* Check Pods Manifest.lock */ = {
			isa = PBXShellScriptBuildPhase;
			buildActionMask = 2147483647;
			files = (
			);
			inputPaths = (
			);
			name = "Check Pods Manifest.lock";
			outputPaths = (
			);
			runOnlyForDeploymentPostprocessing = 0;
			shellPath = /bin/sh;
			shellScript = "diff \"${PODS_ROOT}/../Podfile.lock\" \"${PODS_ROOT}/Manifest.lock\" > /dev/null\nif [[ $? != 0 ]] ; then\n    cat << EOM\nerror: The sandbox is not in sync with the Podfile.lock. Run 'pod install' or update your CocoaPods installation.\nEOM\n    exit 1\nfi\n";
			showEnvVarsInLog = 0;
		};
		D2E0DAF7244B8CBBBFF9037D /* Embed Pods Frameworks */ = {
			isa = PBXShellScriptBuildPhase;
			buildActionMask = 2147483647;
			files = (
			);
			inputPaths = (
			);
			name = "Embed Pods Frameworks";
			outputPaths = (
			);
			runOnlyForDeploymentPostprocessing = 0;
			shellPath = /bin/sh;
			shellScript = "\"${SRCROOT}/Pods/Target Support Files/Pods-stormTests/Pods-stormTests-frameworks.sh\"\n";
			showEnvVarsInLog = 0;
		};
/* End PBXShellScriptBuildPhase section */

/* Begin PBXSourcesBuildPhase section */
		2E081CB91B25251900781BDE /* Sources */ = {
			isa = PBXSourcesBuildPhase;
			buildActionMask = 2147483647;
			files = (
				2E6DC0D51BCB31CB00CEA07D /* RNCryptor-Prefix.pch in Sources */,
				2E6DC0D61BCB31CB00CEA07D /* RNCryptor.h in Sources */,
				2E6DC0D71BCB31CB00CEA07D /* RNCryptor.m in Sources */,
				2E6DC0D81BCB31CB00CEA07D /* RNCryptor+Private.h in Sources */,
				2E6DC0D91BCB31CB00CEA07D /* RNCryptorEngine.h in Sources */,
				2E6DC0DA1BCB31CB00CEA07D /* RNCryptorEngine.m in Sources */,
				2E6DC0DB1BCB31CB00CEA07D /* RNDecryptor.h in Sources */,
				2E6DC0DC1BCB31CB00CEA07D /* RNDecryptor.m in Sources */,
				2E6DC0DD1BCB31CB00CEA07D /* RNEncryptor.h in Sources */,
				2E6DC0DE1BCB31CC00CEA07D /* RNEncryptor.m in Sources */,
				2E081CC91B25251900781BDE /* HomeScreenViewController.m in Sources */,
				2EF412231BC3771F0030489C /* Utils.m in Sources */,
				2EFB82621BC0C3CE00406131 /* Friend.m in Sources */,
				2E6DC07B1BC9C84900CEA07D /* FriendCell.m in Sources */,
				2EE4F83B1B81736A00A9AAB6 /* Singleton.m in Sources */,
				2E99CFD81C17E914001C0923 /* Storm.m in Sources */,
				2EE838951B54C10700636CBA /* VenmoLoginURLProtocol.m in Sources */,
				2E081CC61B25251900781BDE /* StormAppDelegate.m in Sources */,
				2E42C3D11B8C112B00EBEB73 /* SendCoinsViewController.m in Sources */,
				2E99CFD51C17E6B9001C0923 /* Coin.m in Sources */,
				2ED9AF071B3130DC00345A07 /* MakeItRainViewController.m in Sources */,
				2E0535531C46031B00ED41B7 /* RetrieveCoinsViewController.m in Sources */,
				2E081CC31B25251900781BDE /* main.m in Sources */,
				2EE015091B49CF29002B77FE /* LoginViewController.m in Sources */,
				2EE4F8361B815AA100A9AAB6 /* KeychainItemWrapper.m in Sources */,
				2EF3C87F1C4F4A120092FE78 /* DBManager.m in Sources */,
			);
			runOnlyForDeploymentPostprocessing = 0;
		};
		2E081CD21B25251900781BDE /* Sources */ = {
			isa = PBXSourcesBuildPhase;
			buildActionMask = 2147483647;
			files = (
				2E081CDD1B25251900781BDE /* stormTests.m in Sources */,
			);
			runOnlyForDeploymentPostprocessing = 0;
		};
/* End PBXSourcesBuildPhase section */

/* Begin PBXTargetDependency section */
		2E081CD81B25251900781BDE /* PBXTargetDependency */ = {
			isa = PBXTargetDependency;
			target = 2E081CBC1B25251900781BDE /* storm */;
			targetProxy = 2E081CD71B25251900781BDE /* PBXContainerItemProxy */;
		};
/* End PBXTargetDependency section */

/* Begin PBXVariantGroup section */
		2E081CCA1B25251900781BDE /* Main.storyboard */ = {
			isa = PBXVariantGroup;
			children = (
				2E081CCB1B25251900781BDE /* Base */,
			);
			name = Main.storyboard;
			sourceTree = "<group>";
		};
		2E081CCF1B25251900781BDE /* LaunchScreen.xib */ = {
			isa = PBXVariantGroup;
			children = (
				2E081CD01B25251900781BDE /* Base */,
			);
			name = LaunchScreen.xib;
			sourceTree = "<group>";
		};
/* End PBXVariantGroup section */

/* Begin XCBuildConfiguration section */
		2E081CDE1B25251900781BDE /* Debug */ = {
			isa = XCBuildConfiguration;
			buildSettings = {
				ALWAYS_SEARCH_USER_PATHS = NO;
				CLANG_CXX_LANGUAGE_STANDARD = "gnu++0x";
				CLANG_CXX_LIBRARY = "libc++";
				CLANG_ENABLE_MODULES = YES;
				CLANG_ENABLE_OBJC_ARC = YES;
				CLANG_WARN_BOOL_CONVERSION = YES;
				CLANG_WARN_CONSTANT_CONVERSION = YES;
				CLANG_WARN_DIRECT_OBJC_ISA_USAGE = YES_ERROR;
				CLANG_WARN_EMPTY_BODY = YES;
				CLANG_WARN_ENUM_CONVERSION = YES;
				CLANG_WARN_INT_CONVERSION = YES;
				CLANG_WARN_OBJC_ROOT_CLASS = YES_ERROR;
				CLANG_WARN_UNREACHABLE_CODE = YES;
				CLANG_WARN__DUPLICATE_METHOD_MATCH = YES;
				"CODE_SIGN_IDENTITY[sdk=iphoneos*]" = "iPhone Developer";
				COPY_PHASE_STRIP = NO;
				DEBUG_INFORMATION_FORMAT = "dwarf-with-dsym";
				ENABLE_BITCODE = NO;
				ENABLE_STRICT_OBJC_MSGSEND = YES;
				GCC_C_LANGUAGE_STANDARD = gnu99;
				GCC_DYNAMIC_NO_PIC = NO;
				GCC_NO_COMMON_BLOCKS = YES;
				GCC_OPTIMIZATION_LEVEL = 0;
				GCC_PREPROCESSOR_DEFINITIONS = (
					"DEBUG=1",
					"$(inherited)",
				);
				GCC_SYMBOLS_PRIVATE_EXTERN = NO;
				GCC_WARN_64_TO_32_BIT_CONVERSION = YES;
				GCC_WARN_ABOUT_RETURN_TYPE = YES_ERROR;
				GCC_WARN_UNDECLARED_SELECTOR = YES;
				GCC_WARN_UNINITIALIZED_AUTOS = YES_AGGRESSIVE;
				GCC_WARN_UNUSED_FUNCTION = YES;
				GCC_WARN_UNUSED_VARIABLE = YES;
				IPHONEOS_DEPLOYMENT_TARGET = 8.3;
				MTL_ENABLE_DEBUG_INFO = YES;
				ONLY_ACTIVE_ARCH = YES;
				SDKROOT = iphoneos;
				TARGETED_DEVICE_FAMILY = "1,2";
			};
			name = Debug;
		};
		2E081CDF1B25251900781BDE /* Release */ = {
			isa = XCBuildConfiguration;
			buildSettings = {
				ALWAYS_SEARCH_USER_PATHS = NO;
				CLANG_CXX_LANGUAGE_STANDARD = "gnu++0x";
				CLANG_CXX_LIBRARY = "libc++";
				CLANG_ENABLE_MODULES = YES;
				CLANG_ENABLE_OBJC_ARC = YES;
				CLANG_WARN_BOOL_CONVERSION = YES;
				CLANG_WARN_CONSTANT_CONVERSION = YES;
				CLANG_WARN_DIRECT_OBJC_ISA_USAGE = YES_ERROR;
				CLANG_WARN_EMPTY_BODY = YES;
				CLANG_WARN_ENUM_CONVERSION = YES;
				CLANG_WARN_INT_CONVERSION = YES;
				CLANG_WARN_OBJC_ROOT_CLASS = YES_ERROR;
				CLANG_WARN_UNREACHABLE_CODE = YES;
				CLANG_WARN__DUPLICATE_METHOD_MATCH = YES;
				"CODE_SIGN_IDENTITY[sdk=iphoneos*]" = "iPhone Developer";
				COPY_PHASE_STRIP = NO;
				DEBUG_INFORMATION_FORMAT = "dwarf-with-dsym";
				ENABLE_BITCODE = NO;
				ENABLE_NS_ASSERTIONS = NO;
				ENABLE_STRICT_OBJC_MSGSEND = YES;
				GCC_C_LANGUAGE_STANDARD = gnu99;
				GCC_NO_COMMON_BLOCKS = YES;
				GCC_WARN_64_TO_32_BIT_CONVERSION = YES;
				GCC_WARN_ABOUT_RETURN_TYPE = YES_ERROR;
				GCC_WARN_UNDECLARED_SELECTOR = YES;
				GCC_WARN_UNINITIALIZED_AUTOS = YES_AGGRESSIVE;
				GCC_WARN_UNUSED_FUNCTION = YES;
				GCC_WARN_UNUSED_VARIABLE = YES;
				IPHONEOS_DEPLOYMENT_TARGET = 8.3;
				MTL_ENABLE_DEBUG_INFO = NO;
				SDKROOT = iphoneos;
				TARGETED_DEVICE_FAMILY = "1,2";
				VALIDATE_PRODUCT = YES;
			};
			name = Release;
		};
		2E081CE11B25251900781BDE /* Debug */ = {
			isa = XCBuildConfiguration;
			baseConfigurationReference = D157CA7D91F0B45D2B36718A /* Pods-storm.debug.xcconfig */;
			buildSettings = {
				ASSETCATALOG_COMPILER_APPICON_NAME = AppIcon;
				CLANG_ENABLE_MODULES = YES;
				CODE_SIGN_IDENTITY = "iPhone Developer";
				"CODE_SIGN_IDENTITY[sdk=iphoneos*]" = "iPhone Developer";
				INFOPLIST_FILE = storm/Info.plist;
				IPHONEOS_DEPLOYMENT_TARGET = 7.0;
				LD_RUNPATH_SEARCH_PATHS = "";
				LIBRARY_SEARCH_PATHS = "$(inherited)";
				PRODUCT_NAME = "$(TARGET_NAME)";
				PROVISIONING_PROFILE = "";
				SDKROOT = iphoneos;
				SWIFT_OBJC_BRIDGING_HEADER = "storm/storm-Bridging-Header.h";
				SWIFT_OPTIMIZATION_LEVEL = "-Onone";
				TARGETED_DEVICE_FAMILY = 1;
			};
			name = Debug;
		};
		2E081CE21B25251900781BDE /* Release */ = {
			isa = XCBuildConfiguration;
			baseConfigurationReference = 47801CEDA45BE010D25635B7 /* Pods-storm.release.xcconfig */;
			buildSettings = {
				ASSETCATALOG_COMPILER_APPICON_NAME = AppIcon;
				CLANG_ENABLE_MODULES = YES;
				CODE_SIGN_IDENTITY = "iPhone Developer";
				"CODE_SIGN_IDENTITY[sdk=iphoneos*]" = "iPhone Developer";
				INFOPLIST_FILE = storm/Info.plist;
				IPHONEOS_DEPLOYMENT_TARGET = 7.0;
				LD_RUNPATH_SEARCH_PATHS = "";
				LIBRARY_SEARCH_PATHS = "$(inherited)";
				PRODUCT_NAME = "$(TARGET_NAME)";
				PROVISIONING_PROFILE = "";
				SDKROOT = iphoneos;
				SWIFT_OBJC_BRIDGING_HEADER = "storm/storm-Bridging-Header.h";
				TARGETED_DEVICE_FAMILY = 1;
			};
			name = Release;
		};
		2E081CE41B25251900781BDE /* Debug */ = {
			isa = XCBuildConfiguration;
			baseConfigurationReference = BAD3E392D0CA1808B08F7F09 /* Pods-stormTests.debug.xcconfig */;
			buildSettings = {
				BUNDLE_LOADER = "$(TEST_HOST)";
				FRAMEWORK_SEARCH_PATHS = (
					"$(SDKROOT)/Developer/Library/Frameworks",
					"$(inherited)",
				);
				GCC_PREPROCESSOR_DEFINITIONS = (
					"DEBUG=1",
					"$(inherited)",
				);
				INFOPLIST_FILE = stormTests/Info.plist;
				LD_RUNPATH_SEARCH_PATHS = "$(inherited) @executable_path/Frameworks @loader_path/Frameworks";
				PRODUCT_NAME = "$(TARGET_NAME)";
				TEST_HOST = "$(BUILT_PRODUCTS_DIR)/storm.app/storm";
			};
			name = Debug;
		};
		2E081CE51B25251900781BDE /* Release */ = {
			isa = XCBuildConfiguration;
			baseConfigurationReference = 5063D194EB2D956001FDDA02 /* Pods-stormTests.release.xcconfig */;
			buildSettings = {
				BUNDLE_LOADER = "$(TEST_HOST)";
				FRAMEWORK_SEARCH_PATHS = (
					"$(SDKROOT)/Developer/Library/Frameworks",
					"$(inherited)",
				);
				INFOPLIST_FILE = stormTests/Info.plist;
				LD_RUNPATH_SEARCH_PATHS = "$(inherited) @executable_path/Frameworks @loader_path/Frameworks";
				PRODUCT_NAME = "$(TARGET_NAME)";
				TEST_HOST = "$(BUILT_PRODUCTS_DIR)/storm.app/storm";
			};
			name = Release;
		};
/* End XCBuildConfiguration section */

/* Begin XCConfigurationList section */
		2E081CB81B25251900781BDE /* Build configuration list for PBXProject "storm" */ = {
			isa = XCConfigurationList;
			buildConfigurations = (
				2E081CDE1B25251900781BDE /* Debug */,
				2E081CDF1B25251900781BDE /* Release */,
			);
			defaultConfigurationIsVisible = 0;
			defaultConfigurationName = Release;
		};
		2E081CE01B25251900781BDE /* Build configuration list for PBXNativeTarget "storm" */ = {
			isa = XCConfigurationList;
			buildConfigurations = (
				2E081CE11B25251900781BDE /* Debug */,
				2E081CE21B25251900781BDE /* Release */,
			);
			defaultConfigurationIsVisible = 0;
			defaultConfigurationName = Release;
		};
		2E081CE31B25251900781BDE /* Build configuration list for PBXNativeTarget "stormTests" */ = {
			isa = XCConfigurationList;
			buildConfigurations = (
				2E081CE41B25251900781BDE /* Debug */,
				2E081CE51B25251900781BDE /* Release */,
			);
			defaultConfigurationIsVisible = 0;
			defaultConfigurationName = Release;
		};
/* End XCConfigurationList section */
	};
	rootObject = 2E081CB51B25251900781BDE /* Project object */;
}
